
Microsoft Visual Studio Solution File, Format Version 12.00
# Visual Studio 15
VisualStudioVersion = 15.0.26228.9
MinimumVisualStudioVersion = 10.0.40219.1
Project("{FAE04EC0-301F-11D3-BF4B-00C04F79EFBC}") = "Exercise2", "Exercise2\Exercise2.csproj", "{D02F728F-5BB2-4EF5-91A4-91C4A400F847}"
EndProject
Project("{FAE04EC0-301F-11D3-BF4B-00C04F79EFBC}") = "Exercise1", "Exercise1\Exercise1.csproj", "{CC011DBA-B148-426F-87E6-F3A56C6A9B53}"
EndProject
Project("{FAE04EC0-301F-11D3-BF4B-00C04F79EFBC}") = "Exercise3NonCore", "Exercise3NonCore\Exercise3NonCore.csproj", "{294E523E-32E2-4533-9E82-AFD37031C499}"
EndProject
Global
	GlobalSection(SolutionConfigurationPlatforms) = preSolution
		Debug|Any CPU = Debug|Any CPU
		Release|Any CPU = Release|Any CPU
	EndGlobalSection
	GlobalSection(ProjectConfigurationPlatforms) = postSolution
		{D02F728F-5BB2-4EF5-91A4-91C4A400F847}.Debug|Any CPU.ActiveCfg = Debug|Any CPU
		{D02F728F-5BB2-4EF5-91A4-91C4A400F847}.Debug|Any CPU.Build.0 = Debug|Any CPU
		{D02F728F-5BB2-4EF5-91A4-91C4A400F847}.Release|Any CPU.ActiveCfg = Release|Any CPU
		{D02F728F-5BB2-4EF5-91A4-91C4A400F847}.Release|Any CPU.Build.0 = Release|Any CPU
		{CC011DBA-B148-426F-87E6-F3A56C6A9B53}.Debug|Any CPU.ActiveCfg = Debug|Any CPU
		{CC011DBA-B148-426F-87E6-F3A56C6A9B53}.Debug|Any CPU.Build.0 = Debug|Any CPU
		{CC011DBA-B148-426F-87E6-F3A56C6A9B53}.Release|Any CPU.ActiveCfg = Release|Any CPU
		{CC011DBA-B148-426F-87E6-F3A56C6A9B53}.Release|Any CPU.Build.0 = Release|Any CPU
		{294E523E-32E2-4533-9E82-AFD37031C499}.Debug|Any CPU.ActiveCfg = Debug|Any CPU
		{294E523E-32E2-4533-9E82-AFD37031C499}.Debug|Any CPU.Build.0 = Debug|Any CPU
		{294E523E-32E2-4533-9E82-AFD37031C499}.Release|Any CPU.ActiveCfg = Release|Any CPU
		{294E523E-32E2-4533-9E82-AFD37031C499}.Release|Any CPU.Build.0 = Release|Any CPU
	EndGlobalSection
	GlobalSection(SolutionProperties) = preSolution
		HideSolutionNode = FALSE
	EndGlobalSection
EndGlobal
